
Microsoft Visual Studio Solution File, Format Version 12.00
# Visual Studio Version 17
VisualStudioVersion = 17.10.35027.167
MinimumVisualStudioVersion = 10.0.40219.1
Project("{2150E333-8FDC-42A3-9474-1A3956D46DE8}") = "Services", "Services", "{EA366942-DD72-49B6-B2A5-C949DF89842C}"
EndProject
Project("{2150E333-8FDC-42A3-9474-1A3956D46DE8}") = "Catalog", "Catalog", "{216E3A60-4973-4F58-8DBF-12B2FFDFB81C}"
EndProject
Project("{9A19103F-16F7-4668-BE54-9A1E7A4F7556}") = "Catalog.API", "Services\Catalog\Catalog.API\Catalog.API.csproj", "{900D12ED-D19B-414F-A1E6-7ACF4C6B72CE}"
EndProject
Project("{2150E333-8FDC-42A3-9474-1A3956D46DE8}") = "BuildingBlocks", "BuildingBlocks", "{FB567B71-7DF7-4680-B804-07D85B6BC5B9}"
EndProject
Project("{9A19103F-16F7-4668-BE54-9A1E7A4F7556}") = "BuildingBlocks", "BuildingBlocks\BuildingBlocks\BuildingBlocks.csproj", "{A1B214C0-3B66-48BA-B249-06259E98DB13}"
EndProject
Project("{E53339B2-1760-4266-BCC7-CA923CBCF16C}") = "docker-compose", "docker-compose.dcproj", "{7F6CC8FC-7DBA-4EA2-80DB-145CECE3F025}"
EndProject
Project("{2150E333-8FDC-42A3-9474-1A3956D46DE8}") = "Solution Items", "Solution Items", "{FB028BAE-1CEB-4C92-BB79-89DCE8129235}"
	ProjectSection(SolutionItems) = preProject
		.editorconfig = .editorconfig
	EndProjectSection
EndProject
Global
	GlobalSection(SolutionConfigurationPlatforms) = preSolution
		Debug|Any CPU = Debug|Any CPU
		Release|Any CPU = Release|Any CPU
	EndGlobalSection
	GlobalSection(ProjectConfigurationPlatforms) = postSolution
		{900D12ED-D19B-414F-A1E6-7ACF4C6B72CE}.Debug|Any CPU.ActiveCfg = Debug|Any CPU
		{900D12ED-D19B-414F-A1E6-7ACF4C6B72CE}.Debug|Any CPU.Build.0 = Debug|Any CPU
		{900D12ED-D19B-414F-A1E6-7ACF4C6B72CE}.Release|Any CPU.ActiveCfg = Release|Any CPU
		{900D12ED-D19B-414F-A1E6-7ACF4C6B72CE}.Release|Any CPU.Build.0 = Release|Any CPU
		{A1B214C0-3B66-48BA-B249-06259E98DB13}.Debug|Any CPU.ActiveCfg = Debug|Any CPU
		{A1B214C0-3B66-48BA-B249-06259E98DB13}.Debug|Any CPU.Build.0 = Debug|Any CPU
		{A1B214C0-3B66-48BA-B249-06259E98DB13}.Release|Any CPU.ActiveCfg = Release|Any CPU
		{A1B214C0-3B66-48BA-B249-06259E98DB13}.Release|Any CPU.Build.0 = Release|Any CPU
		{7F6CC8FC-7DBA-4EA2-80DB-145CECE3F025}.Debug|Any CPU.ActiveCfg = Debug|Any CPU
		{7F6CC8FC-7DBA-4EA2-80DB-145CECE3F025}.Debug|Any CPU.Build.0 = Debug|Any CPU
		{7F6CC8FC-7DBA-4EA2-80DB-145CECE3F025}.Release|Any CPU.ActiveCfg = Release|Any CPU
		{7F6CC8FC-7DBA-4EA2-80DB-145CECE3F025}.Release|Any CPU.Build.0 = Release|Any CPU
	EndGlobalSection
	GlobalSection(SolutionProperties) = preSolution
		HideSolutionNode = FALSE
	EndGlobalSection
	GlobalSection(NestedProjects) = preSolution
		{216E3A60-4973-4F58-8DBF-12B2FFDFB81C} = {EA366942-DD72-49B6-B2A5-C949DF89842C}
		{900D12ED-D19B-414F-A1E6-7ACF4C6B72CE} = {216E3A60-4973-4F58-8DBF-12B2FFDFB81C}
		{A1B214C0-3B66-48BA-B249-06259E98DB13} = {FB567B71-7DF7-4680-B804-07D85B6BC5B9}
	EndGlobalSection
	GlobalSection(ExtensibilityGlobals) = postSolution
		SolutionGuid = {BFD6CD07-46BF-400B-AFA8-08E1AF3C3A4B}
	EndGlobalSection
EndGlobal
